
Microsoft Visual Studio Solution File, Format Version 11.00
# Visual Studio 2010
Project("{FAE04EC0-301F-11D3-BF4B-00C04F79EFBC}") = "mail-linux", "mail-linux\mail-linux.csproj", "{16FBC3B3-8B57-4832-B953-793F3C4D92E1}"
EndProject
Project("{2150E333-8FDC-42A3-9474-1A3956D46DE8}") = "Solution Items", "Solution Items", "{3942C169-F6BA-47FB-B797-42AF4E009DB2}"
	ProjectSection(SolutionItems) = preProject
		.gitignore = .gitignore
	EndProjectSection
EndProject
Global
	GlobalSection(SolutionConfigurationPlatforms) = preSolution
		Debug|x86 = Debug|x86
		Release|x86 = Release|x86
	EndGlobalSection
	GlobalSection(ProjectConfigurationPlatforms) = postSolution
		{16FBC3B3-8B57-4832-B953-793F3C4D92E1}.Debug|x86.ActiveCfg = Debug|x86
		{16FBC3B3-8B57-4832-B953-793F3C4D92E1}.Debug|x86.Build.0 = Debug|x86
		{16FBC3B3-8B57-4832-B953-793F3C4D92E1}.Release|x86.ActiveCfg = Release|x86
		{16FBC3B3-8B57-4832-B953-793F3C4D92E1}.Release|x86.Build.0 = Release|x86
	EndGlobalSection
	GlobalSection(NestedProjects) = preSolution
	EndGlobalSection
	GlobalSection(MonoDevelopProperties) = preSolution
		StartupItem = mail-linux\mail-linux.csproj
	EndGlobalSection
EndGlobal
